// !$*UTF8*$!
{
	archiveVersion = 1;
	classes = {
	};
	objectVersion = 46;
	objects = {

/* Begin PBXBuildFile section */
		2A25F3161FFB073B008E9169 /* SearchResultViewController.swift in Sources */ = {isa = PBXBuildFile; fileRef = 2A25F3151FFB073B008E9169 /* SearchResultViewController.swift */; };
		2A25F3171FFB073B008E9169 /* SearchResultViewController.swift in Sources */ = {isa = PBXBuildFile; fileRef = 2A25F3151FFB073B008E9169 /* SearchResultViewController.swift */; };
		2A25F3181FFB073B008E9169 /* SearchResultViewController.swift in Sources */ = {isa = PBXBuildFile; fileRef = 2A25F3151FFB073B008E9169 /* SearchResultViewController.swift */; };
		2A25F31A1FFB3784008E9169 /* SafariServices.framework in Frameworks */ = {isa = PBXBuildFile; fileRef = 2A25F3191FFB3784008E9169 /* SafariServices.framework */; };
		2A25F31C1FFB497B008E9169 /* DealActivity.swift in Sources */ = {isa = PBXBuildFile; fileRef = 2A25F31B1FFB497B008E9169 /* DealActivity.swift */; };
		2A25F31D1FFB497B008E9169 /* DealActivity.swift in Sources */ = {isa = PBXBuildFile; fileRef = 2A25F31B1FFB497B008E9169 /* DealActivity.swift */; };
		2A25F31E1FFB497B008E9169 /* DealActivity.swift in Sources */ = {isa = PBXBuildFile; fileRef = 2A25F31B1FFB497B008E9169 /* DealActivity.swift */; };
		2A78045E1ED39A3F00448D3B /* AppDelegate.swift in Sources */ = {isa = PBXBuildFile; fileRef = 2A78045D1ED39A3F00448D3B /* AppDelegate.swift */; };
		2A7804601ED39A3F00448D3B /* FirstViewController.swift in Sources */ = {isa = PBXBuildFile; fileRef = 2A78045F1ED39A3F00448D3B /* FirstViewController.swift */; };
		2A7804621ED39A3F00448D3B /* SecondViewController.swift in Sources */ = {isa = PBXBuildFile; fileRef = 2A7804611ED39A3F00448D3B /* SecondViewController.swift */; };
		2A7804651ED39A3F00448D3B /* Main.storyboard in Resources */ = {isa = PBXBuildFile; fileRef = 2A7804631ED39A3F00448D3B /* Main.storyboard */; };
		2A7804671ED39A3F00448D3B /* Assets.xcassets in Resources */ = {isa = PBXBuildFile; fileRef = 2A7804661ED39A3F00448D3B /* Assets.xcassets */; };
		2A78046A1ED39A3F00448D3B /* LaunchScreen.storyboard in Resources */ = {isa = PBXBuildFile; fileRef = 2A7804681ED39A3F00448D3B /* LaunchScreen.storyboard */; };
		2A7804751ED39A3F00448D3B /* DealolTests.swift in Sources */ = {isa = PBXBuildFile; fileRef = 2A7804741ED39A3F00448D3B /* DealolTests.swift */; };
		2A7804801ED39A3F00448D3B /* DealolUITests.swift in Sources */ = {isa = PBXBuildFile; fileRef = 2A78047F1ED39A3F00448D3B /* DealolUITests.swift */; };
		348BF772200C729900ABC853 /* BrowseViewController.swift in Sources */ = {isa = PBXBuildFile; fileRef = 348BF771200C729900ABC853 /* BrowseViewController.swift */; };
		348BF773200C729900ABC853 /* BrowseViewController.swift in Sources */ = {isa = PBXBuildFile; fileRef = 348BF771200C729900ABC853 /* BrowseViewController.swift */; };
		348BF774200C729900ABC853 /* BrowseViewController.swift in Sources */ = {isa = PBXBuildFile; fileRef = 348BF771200C729900ABC853 /* BrowseViewController.swift */; };
		348BF776200C72CC00ABC853 /* WebKit.framework in Frameworks */ = {isa = PBXBuildFile; fileRef = 348BF775200C72CC00ABC853 /* WebKit.framework */; };
		348BF778200C790100ABC853 /* UtilHelper.swift in Sources */ = {isa = PBXBuildFile; fileRef = 348BF777200C790100ABC853 /* UtilHelper.swift */; };
		348BF779200C790100ABC853 /* UtilHelper.swift in Sources */ = {isa = PBXBuildFile; fileRef = 348BF777200C790100ABC853 /* UtilHelper.swift */; };
		348BF77A200C790100ABC853 /* UtilHelper.swift in Sources */ = {isa = PBXBuildFile; fileRef = 348BF777200C790100ABC853 /* UtilHelper.swift */; };
		34B81490200F22CD005BEBC1 /* TrackingTableViewCell.swift in Sources */ = {isa = PBXBuildFile; fileRef = 34B8148E200F22CD005BEBC1 /* TrackingTableViewCell.swift */; };
		34B81491200F22CD005BEBC1 /* TrackingTableViewCell.swift in Sources */ = {isa = PBXBuildFile; fileRef = 34B8148E200F22CD005BEBC1 /* TrackingTableViewCell.swift */; };
		34B81492200F22CD005BEBC1 /* TrackingTableViewCell.swift in Sources */ = {isa = PBXBuildFile; fileRef = 34B8148E200F22CD005BEBC1 /* TrackingTableViewCell.swift */; };
		34B81493200F22CD005BEBC1 /* TrackingTableViewCell.xib in Resources */ = {isa = PBXBuildFile; fileRef = 34B8148F200F22CD005BEBC1 /* TrackingTableViewCell.xib */; };
		34B81494200F22CD005BEBC1 /* TrackingTableViewCell.xib in Resources */ = {isa = PBXBuildFile; fileRef = 34B8148F200F22CD005BEBC1 /* TrackingTableViewCell.xib */; };
		34B81495200F22CD005BEBC1 /* TrackingTableViewCell.xib in Resources */ = {isa = PBXBuildFile; fileRef = 34B8148F200F22CD005BEBC1 /* TrackingTableViewCell.xib */; };
		4D4EFBEB0CCAD394F58E038A /* Pods_Dealol.framework in Frameworks */ = {isa = PBXBuildFile; fileRef = 6BD0AD268E720DFDF30D3B2D /* Pods_Dealol.framework */; };
		821C8A3638A1FD1001398F32 /* Pods_DealolUITests.framework in Frameworks */ = {isa = PBXBuildFile; fileRef = 0F3C596C4A417EFAAFC7F92F /* Pods_DealolUITests.framework */; };
		E0717753D7307F85A7E1CF92 /* Pods_DealolTests.framework in Frameworks */ = {isa = PBXBuildFile; fileRef = EACFF3D81AB2C07C3ABC6530 /* Pods_DealolTests.framework */; };
/* End PBXBuildFile section */

/* Begin PBXContainerItemProxy section */
		2A7804711ED39A3F00448D3B /* PBXContainerItemProxy */ = {
			isa = PBXContainerItemProxy;
			containerPortal = 2A7804521ED39A3F00448D3B /* Project object */;
			proxyType = 1;
			remoteGlobalIDString = 2A7804591ED39A3F00448D3B;
			remoteInfo = Dealol;
		};
		2A78047C1ED39A3F00448D3B /* PBXContainerItemProxy */ = {
			isa = PBXContainerItemProxy;
			containerPortal = 2A7804521ED39A3F00448D3B /* Project object */;
			proxyType = 1;
			remoteGlobalIDString = 2A7804591ED39A3F00448D3B;
			remoteInfo = Dealol;
		};
/* End PBXContainerItemProxy section */

/* Begin PBXFileReference section */
		0F3C596C4A417EFAAFC7F92F /* Pods_DealolUITests.framework */ = {isa = PBXFileReference; explicitFileType = wrapper.framework; includeInIndex = 0; path = Pods_DealolUITests.framework; sourceTree = BUILT_PRODUCTS_DIR; };
		17B933B1CBC0BE1334E3AF71 /* Pods-Dealol.debug.xcconfig */ = {isa = PBXFileReference; includeInIndex = 1; lastKnownFileType = text.xcconfig; name = "Pods-Dealol.debug.xcconfig"; path = "Pods/Target Support Files/Pods-Dealol/Pods-Dealol.debug.xcconfig"; sourceTree = "<group>"; };
		2A25F3151FFB073B008E9169 /* SearchResultViewController.swift */ = {isa = PBXFileReference; lastKnownFileType = sourcecode.swift; path = SearchResultViewController.swift; sourceTree = "<group>"; };
		2A25F3191FFB3784008E9169 /* SafariServices.framework */ = {isa = PBXFileReference; lastKnownFileType = wrapper.framework; name = SafariServices.framework; path = System/Library/Frameworks/SafariServices.framework; sourceTree = SDKROOT; };
		2A25F31B1FFB497B008E9169 /* DealActivity.swift */ = {isa = PBXFileReference; lastKnownFileType = sourcecode.swift; path = DealActivity.swift; sourceTree = "<group>"; };
		2A78045A1ED39A3F00448D3B /* Dealol.app */ = {isa = PBXFileReference; explicitFileType = wrapper.application; includeInIndex = 0; path = Dealol.app; sourceTree = BUILT_PRODUCTS_DIR; };
		2A78045D1ED39A3F00448D3B /* AppDelegate.swift */ = {isa = PBXFileReference; lastKnownFileType = sourcecode.swift; path = AppDelegate.swift; sourceTree = "<group>"; };
		2A78045F1ED39A3F00448D3B /* FirstViewController.swift */ = {isa = PBXFileReference; lastKnownFileType = sourcecode.swift; path = FirstViewController.swift; sourceTree = "<group>"; };
		2A7804611ED39A3F00448D3B /* SecondViewController.swift */ = {isa = PBXFileReference; lastKnownFileType = sourcecode.swift; path = SecondViewController.swift; sourceTree = "<group>"; };
		2A7804641ED39A3F00448D3B /* Base */ = {isa = PBXFileReference; lastKnownFileType = file.storyboard; name = Base; path = Base.lproj/Main.storyboard; sourceTree = "<group>"; };
		2A7804661ED39A3F00448D3B /* Assets.xcassets */ = {isa = PBXFileReference; lastKnownFileType = folder.assetcatalog; path = Assets.xcassets; sourceTree = "<group>"; };
		2A7804691ED39A3F00448D3B /* Base */ = {isa = PBXFileReference; lastKnownFileType = file.storyboard; name = Base; path = Base.lproj/LaunchScreen.storyboard; sourceTree = "<group>"; };
		2A78046B1ED39A3F00448D3B /* Info.plist */ = {isa = PBXFileReference; lastKnownFileType = text.plist.xml; path = Info.plist; sourceTree = "<group>"; };
		2A7804701ED39A3F00448D3B /* DealolTests.xctest */ = {isa = PBXFileReference; explicitFileType = wrapper.cfbundle; includeInIndex = 0; path = DealolTests.xctest; sourceTree = BUILT_PRODUCTS_DIR; };
		2A7804741ED39A3F00448D3B /* DealolTests.swift */ = {isa = PBXFileReference; lastKnownFileType = sourcecode.swift; path = DealolTests.swift; sourceTree = "<group>"; };
		2A7804761ED39A3F00448D3B /* Info.plist */ = {isa = PBXFileReference; lastKnownFileType = text.plist.xml; path = Info.plist; sourceTree = "<group>"; };
		2A78047B1ED39A3F00448D3B /* DealolUITests.xctest */ = {isa = PBXFileReference; explicitFileType = wrapper.cfbundle; includeInIndex = 0; path = DealolUITests.xctest; sourceTree = BUILT_PRODUCTS_DIR; };
		2A78047F1ED39A3F00448D3B /* DealolUITests.swift */ = {isa = PBXFileReference; lastKnownFileType = sourcecode.swift; path = DealolUITests.swift; sourceTree = "<group>"; };
		2A7804811ED39A3F00448D3B /* Info.plist */ = {isa = PBXFileReference; lastKnownFileType = text.plist.xml; path = Info.plist; sourceTree = "<group>"; };
		3146BD111C50789C6CD2CC8E /* Pods-DealolTests.debug.xcconfig */ = {isa = PBXFileReference; includeInIndex = 1; lastKnownFileType = text.xcconfig; name = "Pods-DealolTests.debug.xcconfig"; path = "Pods/Target Support Files/Pods-DealolTests/Pods-DealolTests.debug.xcconfig"; sourceTree = "<group>"; };
		348BF771200C729900ABC853 /* BrowseViewController.swift */ = {isa = PBXFileReference; lastKnownFileType = sourcecode.swift; path = BrowseViewController.swift; sourceTree = "<group>"; };
		348BF775200C72CC00ABC853 /* WebKit.framework */ = {isa = PBXFileReference; lastKnownFileType = wrapper.framework; name = WebKit.framework; path = System/Library/Frameworks/WebKit.framework; sourceTree = SDKROOT; };
		348BF777200C790100ABC853 /* UtilHelper.swift */ = {isa = PBXFileReference; lastKnownFileType = sourcecode.swift; path = UtilHelper.swift; sourceTree = "<group>"; };
		34B8148E200F22CD005BEBC1 /* TrackingTableViewCell.swift */ = {isa = PBXFileReference; lastKnownFileType = sourcecode.swift; path = TrackingTableViewCell.swift; sourceTree = "<group>"; };
		34B8148F200F22CD005BEBC1 /* TrackingTableViewCell.xib */ = {isa = PBXFileReference; lastKnownFileType = file.xib; path = TrackingTableViewCell.xib; sourceTree = "<group>"; };
		6BD0AD268E720DFDF30D3B2D /* Pods_Dealol.framework */ = {isa = PBXFileReference; explicitFileType = wrapper.framework; includeInIndex = 0; path = Pods_Dealol.framework; sourceTree = BUILT_PRODUCTS_DIR; };
		809171AE7FCF8E46170F86A2 /* Pods-DealolUITests.debug.xcconfig */ = {isa = PBXFileReference; includeInIndex = 1; lastKnownFileType = text.xcconfig; name = "Pods-DealolUITests.debug.xcconfig"; path = "Pods/Target Support Files/Pods-DealolUITests/Pods-DealolUITests.debug.xcconfig"; sourceTree = "<group>"; };
		944EA11148375BBD52D6AB77 /* Pods-Dealol.release.xcconfig */ = {isa = PBXFileReference; includeInIndex = 1; lastKnownFileType = text.xcconfig; name = "Pods-Dealol.release.xcconfig"; path = "Pods/Target Support Files/Pods-Dealol/Pods-Dealol.release.xcconfig"; sourceTree = "<group>"; };
		C6AC4504588F6B1422C42212 /* Pods-DealolTests.release.xcconfig */ = {isa = PBXFileReference; includeInIndex = 1; lastKnownFileType = text.xcconfig; name = "Pods-DealolTests.release.xcconfig"; path = "Pods/Target Support Files/Pods-DealolTests/Pods-DealolTests.release.xcconfig"; sourceTree = "<group>"; };
		EACFF3D81AB2C07C3ABC6530 /* Pods_DealolTests.framework */ = {isa = PBXFileReference; explicitFileType = wrapper.framework; includeInIndex = 0; path = Pods_DealolTests.framework; sourceTree = BUILT_PRODUCTS_DIR; };
		F639F9F95B82A61BE58AC21C /* Pods-DealolUITests.release.xcconfig */ = {isa = PBXFileReference; includeInIndex = 1; lastKnownFileType = text.xcconfig; name = "Pods-DealolUITests.release.xcconfig"; path = "Pods/Target Support Files/Pods-DealolUITests/Pods-DealolUITests.release.xcconfig"; sourceTree = "<group>"; };
/* End PBXFileReference section */

/* Begin PBXFrameworksBuildPhase section */
		2A7804571ED39A3F00448D3B /* Frameworks */ = {
			isa = PBXFrameworksBuildPhase;
			buildActionMask = 2147483647;
			files = (
				348BF776200C72CC00ABC853 /* WebKit.framework in Frameworks */,
				2A25F31A1FFB3784008E9169 /* SafariServices.framework in Frameworks */,
				4D4EFBEB0CCAD394F58E038A /* Pods_Dealol.framework in Frameworks */,
			);
			runOnlyForDeploymentPostprocessing = 0;
		};
		2A78046D1ED39A3F00448D3B /* Frameworks */ = {
			isa = PBXFrameworksBuildPhase;
			buildActionMask = 2147483647;
			files = (
				E0717753D7307F85A7E1CF92 /* Pods_DealolTests.framework in Frameworks */,
			);
			runOnlyForDeploymentPostprocessing = 0;
		};
		2A7804781ED39A3F00448D3B /* Frameworks */ = {
			isa = PBXFrameworksBuildPhase;
			buildActionMask = 2147483647;
			files = (
				821C8A3638A1FD1001398F32 /* Pods_DealolUITests.framework in Frameworks */,
			);
			runOnlyForDeploymentPostprocessing = 0;
		};
/* End PBXFrameworksBuildPhase section */

/* Begin PBXGroup section */
		2A7804511ED39A3F00448D3B = {
			isa = PBXGroup;
			children = (
				2A78045C1ED39A3F00448D3B /* Dealol */,
				2A7804731ED39A3F00448D3B /* DealolTests */,
				2A78047E1ED39A3F00448D3B /* DealolUITests */,
				2A78045B1ED39A3F00448D3B /* Products */,
				E989AF351A06A786955CE6D5 /* Pods */,
				8EF5334C0C8082E75D8663C0 /* Frameworks */,
			);
			sourceTree = "<group>";
		};
		2A78045B1ED39A3F00448D3B /* Products */ = {
			isa = PBXGroup;
			children = (
				2A78045A1ED39A3F00448D3B /* Dealol.app */,
				2A7804701ED39A3F00448D3B /* DealolTests.xctest */,
				2A78047B1ED39A3F00448D3B /* DealolUITests.xctest */,
			);
			name = Products;
			sourceTree = "<group>";
		};
		2A78045C1ED39A3F00448D3B /* Dealol */ = {
			isa = PBXGroup;
			children = (
				34B8148D200F22B7005BEBC1 /* Cell */,
				2A78045D1ED39A3F00448D3B /* AppDelegate.swift */,
				2A78045F1ED39A3F00448D3B /* FirstViewController.swift */,
				2A7804611ED39A3F00448D3B /* SecondViewController.swift */,
				2A7804631ED39A3F00448D3B /* Main.storyboard */,
				2A7804661ED39A3F00448D3B /* Assets.xcassets */,
				2A7804681ED39A3F00448D3B /* LaunchScreen.storyboard */,
				2A78046B1ED39A3F00448D3B /* Info.plist */,
				2A25F3151FFB073B008E9169 /* SearchResultViewController.swift */,
				2A25F31B1FFB497B008E9169 /* DealActivity.swift */,
				348BF771200C729900ABC853 /* BrowseViewController.swift */,
				348BF777200C790100ABC853 /* UtilHelper.swift */,
			);
			path = Dealol;
			sourceTree = "<group>";
		};
		2A7804731ED39A3F00448D3B /* DealolTests */ = {
			isa = PBXGroup;
			children = (
				2A7804741ED39A3F00448D3B /* DealolTests.swift */,
				2A7804761ED39A3F00448D3B /* Info.plist */,
			);
			path = DealolTests;
			sourceTree = "<group>";
		};
		2A78047E1ED39A3F00448D3B /* DealolUITests */ = {
			isa = PBXGroup;
			children = (
				2A78047F1ED39A3F00448D3B /* DealolUITests.swift */,
				2A7804811ED39A3F00448D3B /* Info.plist */,
			);
			path = DealolUITests;
			sourceTree = "<group>";
		};
		34B8148D200F22B7005BEBC1 /* Cell */ = {
			isa = PBXGroup;
			children = (
				34B8148E200F22CD005BEBC1 /* TrackingTableViewCell.swift */,
				34B8148F200F22CD005BEBC1 /* TrackingTableViewCell.xib */,
			);
			path = Cell;
			sourceTree = "<group>";
		};
		8EF5334C0C8082E75D8663C0 /* Frameworks */ = {
			isa = PBXGroup;
			children = (
				348BF775200C72CC00ABC853 /* WebKit.framework */,
				2A25F3191FFB3784008E9169 /* SafariServices.framework */,
				6BD0AD268E720DFDF30D3B2D /* Pods_Dealol.framework */,
				EACFF3D81AB2C07C3ABC6530 /* Pods_DealolTests.framework */,
				0F3C596C4A417EFAAFC7F92F /* Pods_DealolUITests.framework */,
			);
			name = Frameworks;
			sourceTree = "<group>";
		};
		E989AF351A06A786955CE6D5 /* Pods */ = {
			isa = PBXGroup;
			children = (
				17B933B1CBC0BE1334E3AF71 /* Pods-Dealol.debug.xcconfig */,
				944EA11148375BBD52D6AB77 /* Pods-Dealol.release.xcconfig */,
				3146BD111C50789C6CD2CC8E /* Pods-DealolTests.debug.xcconfig */,
				C6AC4504588F6B1422C42212 /* Pods-DealolTests.release.xcconfig */,
				809171AE7FCF8E46170F86A2 /* Pods-DealolUITests.debug.xcconfig */,
				F639F9F95B82A61BE58AC21C /* Pods-DealolUITests.release.xcconfig */,
			);
			name = Pods;
			sourceTree = "<group>";
		};
/* End PBXGroup section */

/* Begin PBXNativeTarget section */
		2A7804591ED39A3F00448D3B /* Dealol */ = {
			isa = PBXNativeTarget;
			buildConfigurationList = 2A7804841ED39A3F00448D3B /* Build configuration list for PBXNativeTarget "Dealol" */;
			buildPhases = (
				3E5BD309D570E177F1822CFA /* [CP] Check Pods Manifest.lock */,
				2A7804561ED39A3F00448D3B /* Sources */,
				2A7804571ED39A3F00448D3B /* Frameworks */,
				2A7804581ED39A3F00448D3B /* Resources */,
				CE38845369C6FF7936429DA4 /* [CP] Embed Pods Frameworks */,
				442A25F27457B18369F5AEB4 /* [CP] Copy Pods Resources */,
				2ADC13A51FFDFF9B007761D7 /* ShellScript */,
			);
			buildRules = (
			);
			dependencies = (
			);
			name = Dealol;
			productName = Dealol;
			productReference = 2A78045A1ED39A3F00448D3B /* Dealol.app */;
			productType = "com.apple.product-type.application";
		};
		2A78046F1ED39A3F00448D3B /* DealolTests */ = {
			isa = PBXNativeTarget;
			buildConfigurationList = 2A7804871ED39A3F00448D3B /* Build configuration list for PBXNativeTarget "DealolTests" */;
			buildPhases = (
				BE0C50AC79E76DAFA152E48C /* [CP] Check Pods Manifest.lock */,
				2A78046C1ED39A3F00448D3B /* Sources */,
				2A78046D1ED39A3F00448D3B /* Frameworks */,
				2A78046E1ED39A3F00448D3B /* Resources */,
				7BE2B1AE7EA66DA804E3A0EF /* [CP] Embed Pods Frameworks */,
				895DE83CEE7434F6CC67E4AD /* [CP] Copy Pods Resources */,
			);
			buildRules = (
			);
			dependencies = (
				2A7804721ED39A3F00448D3B /* PBXTargetDependency */,
			);
			name = DealolTests;
			productName = DealolTests;
			productReference = 2A7804701ED39A3F00448D3B /* DealolTests.xctest */;
			productType = "com.apple.product-type.bundle.unit-test";
		};
		2A78047A1ED39A3F00448D3B /* DealolUITests */ = {
			isa = PBXNativeTarget;
			buildConfigurationList = 2A78048A1ED39A3F00448D3B /* Build configuration list for PBXNativeTarget "DealolUITests" */;
			buildPhases = (
				6BA06568C846EFD0FF783985 /* [CP] Check Pods Manifest.lock */,
				2A7804771ED39A3F00448D3B /* Sources */,
				2A7804781ED39A3F00448D3B /* Frameworks */,
				2A7804791ED39A3F00448D3B /* Resources */,
				ACF4794D4206F4E1246C8757 /* [CP] Embed Pods Frameworks */,
				69518FC8782DFB8A5A170E85 /* [CP] Copy Pods Resources */,
			);
			buildRules = (
			);
			dependencies = (
				2A78047D1ED39A3F00448D3B /* PBXTargetDependency */,
			);
			name = DealolUITests;
			productName = DealolUITests;
			productReference = 2A78047B1ED39A3F00448D3B /* DealolUITests.xctest */;
			productType = "com.apple.product-type.bundle.ui-testing";
		};
/* End PBXNativeTarget section */

/* Begin PBXProject section */
		2A7804521ED39A3F00448D3B /* Project object */ = {
			isa = PBXProject;
			attributes = {
				LastSwiftUpdateCheck = 0830;
				LastUpgradeCheck = 0830;
				ORGANIZATIONNAME = Dealol;
				TargetAttributes = {
					2A7804591ED39A3F00448D3B = {
						CreatedOnToolsVersion = 8.3.2;
						DevelopmentTeam = 92RA6H7738;
						ProvisioningStyle = Automatic;
					};
					2A78046F1ED39A3F00448D3B = {
						CreatedOnToolsVersion = 8.3.2;
						ProvisioningStyle = Automatic;
						TestTargetID = 2A7804591ED39A3F00448D3B;
					};
					2A78047A1ED39A3F00448D3B = {
						CreatedOnToolsVersion = 8.3.2;
						ProvisioningStyle = Automatic;
						TestTargetID = 2A7804591ED39A3F00448D3B;
					};
				};
			};
			buildConfigurationList = 2A7804551ED39A3F00448D3B /* Build configuration list for PBXProject "Dealol" */;
			compatibilityVersion = "Xcode 3.2";
			developmentRegion = English;
			hasScannedForEncodings = 0;
			knownRegions = (
				en,
				Base,
			);
			mainGroup = 2A7804511ED39A3F00448D3B;
			productRefGroup = 2A78045B1ED39A3F00448D3B /* Products */;
			projectDirPath = "";
			projectRoot = "";
			targets = (
				2A7804591ED39A3F00448D3B /* Dealol */,
				2A78046F1ED39A3F00448D3B /* DealolTests */,
				2A78047A1ED39A3F00448D3B /* DealolUITests */,
			);
		};
/* End PBXProject section */

/* Begin PBXResourcesBuildPhase section */
		2A7804581ED39A3F00448D3B /* Resources */ = {
			isa = PBXResourcesBuildPhase;
			buildActionMask = 2147483647;
			files = (
				2A78046A1ED39A3F00448D3B /* LaunchScreen.storyboard in Resources */,
				2A7804671ED39A3F00448D3B /* Assets.xcassets in Resources */,
				2A7804651ED39A3F00448D3B /* Main.storyboard in Resources */,
				34B81493200F22CD005BEBC1 /* TrackingTableViewCell.xib in Resources */,
			);
			runOnlyForDeploymentPostprocessing = 0;
		};
		2A78046E1ED39A3F00448D3B /* Resources */ = {
			isa = PBXResourcesBuildPhase;
			buildActionMask = 2147483647;
			files = (
				34B81494200F22CD005BEBC1 /* TrackingTableViewCell.xib in Resources */,
			);
			runOnlyForDeploymentPostprocessing = 0;
		};
		2A7804791ED39A3F00448D3B /* Resources */ = {
			isa = PBXResourcesBuildPhase;
			buildActionMask = 2147483647;
			files = (
				34B81495200F22CD005BEBC1 /* TrackingTableViewCell.xib in Resources */,
			);
			runOnlyForDeploymentPostprocessing = 0;
		};
/* End PBXResourcesBuildPhase section */

/* Begin PBXShellScriptBuildPhase section */
		2ADC13A51FFDFF9B007761D7 /* ShellScript */ = {
			isa = PBXShellScriptBuildPhase;
			buildActionMask = 2147483647;
			files = (
			);
			inputPaths = (
			);
			outputPaths = (
			);
			runOnlyForDeploymentPostprocessing = 0;
			shellPath = /bin/sh;
			shellScript = "\"${PODS_ROOT}/Fabric/run\" ce578f45ec6fcac124b8792578ac5a197fe4b07e ba8c7a7d2fdb4c6047e6c2cff66a1db025b7d8e58c4ef25c791b9e072eba6663";
		};
		3E5BD309D570E177F1822CFA /* [CP] Check Pods Manifest.lock */ = {
			isa = PBXShellScriptBuildPhase;
			buildActionMask = 2147483647;
			files = (
			);
			inputPaths = (
				"${PODS_PODFILE_DIR_PATH}/Podfile.lock",
				"${PODS_ROOT}/Manifest.lock",
			);
			name = "[CP] Check Pods Manifest.lock";
			outputPaths = (
				"$(DERIVED_FILE_DIR)/Pods-Dealol-checkManifestLockResult.txt",
			);
			runOnlyForDeploymentPostprocessing = 0;
			shellPath = /bin/sh;
			shellScript = "diff \"${PODS_PODFILE_DIR_PATH}/Podfile.lock\" \"${PODS_ROOT}/Manifest.lock\" > /dev/null\nif [ $? != 0 ] ; then\n    # print error to STDERR\n    echo \"error: The sandbox is not in sync with the Podfile.lock. Run 'pod install' or update your CocoaPods installation.\" >&2\n    exit 1\nfi\n# This output is used by Xcode 'outputs' to avoid re-running this script phase.\necho \"SUCCESS\" > \"${SCRIPT_OUTPUT_FILE_0}\"\n";
			showEnvVarsInLog = 0;
		};
		442A25F27457B18369F5AEB4 /* [CP] Copy Pods Resources */ = {
			isa = PBXShellScriptBuildPhase;
			buildActionMask = 2147483647;
			files = (
			);
			inputPaths = (
			);
			name = "[CP] Copy Pods Resources";
			outputPaths = (
			);
			runOnlyForDeploymentPostprocessing = 0;
			shellPath = /bin/sh;
			shellScript = "\"${SRCROOT}/Pods/Target Support Files/Pods-Dealol/Pods-Dealol-resources.sh\"\n";
			showEnvVarsInLog = 0;
		};
		69518FC8782DFB8A5A170E85 /* [CP] Copy Pods Resources */ = {
			isa = PBXShellScriptBuildPhase;
			buildActionMask = 2147483647;
			files = (
			);
			inputPaths = (
			);
			name = "[CP] Copy Pods Resources";
			outputPaths = (
			);
			runOnlyForDeploymentPostprocessing = 0;
			shellPath = /bin/sh;
			shellScript = "\"${SRCROOT}/Pods/Target Support Files/Pods-DealolUITests/Pods-DealolUITests-resources.sh\"\n";
			showEnvVarsInLog = 0;
		};
		6BA06568C846EFD0FF783985 /* [CP] Check Pods Manifest.lock */ = {
			isa = PBXShellScriptBuildPhase;
			buildActionMask = 2147483647;
			files = (
			);
			inputPaths = (
				"${PODS_PODFILE_DIR_PATH}/Podfile.lock",
				"${PODS_ROOT}/Manifest.lock",
			);
			name = "[CP] Check Pods Manifest.lock";
			outputPaths = (
				"$(DERIVED_FILE_DIR)/Pods-DealolUITests-checkManifestLockResult.txt",
			);
			runOnlyForDeploymentPostprocessing = 0;
			shellPath = /bin/sh;
			shellScript = "diff \"${PODS_PODFILE_DIR_PATH}/Podfile.lock\" \"${PODS_ROOT}/Manifest.lock\" > /dev/null\nif [ $? != 0 ] ; then\n    # print error to STDERR\n    echo \"error: The sandbox is not in sync with the Podfile.lock. Run 'pod install' or update your CocoaPods installation.\" >&2\n    exit 1\nfi\n# This output is used by Xcode 'outputs' to avoid re-running this script phase.\necho \"SUCCESS\" > \"${SCRIPT_OUTPUT_FILE_0}\"\n";
			showEnvVarsInLog = 0;
		};
		7BE2B1AE7EA66DA804E3A0EF /* [CP] Embed Pods Frameworks */ = {
			isa = PBXShellScriptBuildPhase;
			buildActionMask = 2147483647;
			files = (
			);
			inputPaths = (
			);
			name = "[CP] Embed Pods Frameworks";
			outputPaths = (
			);
			runOnlyForDeploymentPostprocessing = 0;
			shellPath = /bin/sh;
			shellScript = "\"${SRCROOT}/Pods/Target Support Files/Pods-DealolTests/Pods-DealolTests-frameworks.sh\"\n";
			showEnvVarsInLog = 0;
		};
		895DE83CEE7434F6CC67E4AD /* [CP] Copy Pods Resources */ = {
			isa = PBXShellScriptBuildPhase;
			buildActionMask = 2147483647;
			files = (
			);
			inputPaths = (
			);
			name = "[CP] Copy Pods Resources";
			outputPaths = (
			);
			runOnlyForDeploymentPostprocessing = 0;
			shellPath = /bin/sh;
			shellScript = "\"${SRCROOT}/Pods/Target Support Files/Pods-DealolTests/Pods-DealolTests-resources.sh\"\n";
			showEnvVarsInLog = 0;
		};
		ACF4794D4206F4E1246C8757 /* [CP] Embed Pods Frameworks */ = {
			isa = PBXShellScriptBuildPhase;
			buildActionMask = 2147483647;
			files = (
			);
			inputPaths = (
			);
			name = "[CP] Embed Pods Frameworks";
			outputPaths = (
			);
			runOnlyForDeploymentPostprocessing = 0;
			shellPath = /bin/sh;
			shellScript = "\"${SRCROOT}/Pods/Target Support Files/Pods-DealolUITests/Pods-DealolUITests-frameworks.sh\"\n";
			showEnvVarsInLog = 0;
		};
		BE0C50AC79E76DAFA152E48C /* [CP] Check Pods Manifest.lock */ = {
			isa = PBXShellScriptBuildPhase;
			buildActionMask = 2147483647;
			files = (
			);
			inputPaths = (
				"${PODS_PODFILE_DIR_PATH}/Podfile.lock",
				"${PODS_ROOT}/Manifest.lock",
			);
			name = "[CP] Check Pods Manifest.lock";
			outputPaths = (
				"$(DERIVED_FILE_DIR)/Pods-DealolTests-checkManifestLockResult.txt",
			);
			runOnlyForDeploymentPostprocessing = 0;
			shellPath = /bin/sh;
			shellScript = "diff \"${PODS_PODFILE_DIR_PATH}/Podfile.lock\" \"${PODS_ROOT}/Manifest.lock\" > /dev/null\nif [ $? != 0 ] ; then\n    # print error to STDERR\n    echo \"error: The sandbox is not in sync with the Podfile.lock. Run 'pod install' or update your CocoaPods installation.\" >&2\n    exit 1\nfi\n# This output is used by Xcode 'outputs' to avoid re-running this script phase.\necho \"SUCCESS\" > \"${SCRIPT_OUTPUT_FILE_0}\"\n";
			showEnvVarsInLog = 0;
		};
		CE38845369C6FF7936429DA4 /* [CP] Embed Pods Frameworks */ = {
			isa = PBXShellScriptBuildPhase;
			buildActionMask = 2147483647;
			files = (
			);
			inputPaths = (
				"${SRCROOT}/Pods/Target Support Files/Pods-Dealol/Pods-Dealol-frameworks.sh",
				"${BUILT_PRODUCTS_DIR}/LFTwitterProfile/LFTwitterProfile.framework",
				"${BUILT_PRODUCTS_DIR}/SnapKit/SnapKit.framework",
			);
			name = "[CP] Embed Pods Frameworks";
			outputPaths = (
				"${TARGET_BUILD_DIR}/${FRAMEWORKS_FOLDER_PATH}/LFTwitterProfile.framework",
				"${TARGET_BUILD_DIR}/${FRAMEWORKS_FOLDER_PATH}/SnapKit.framework",
			);
			runOnlyForDeploymentPostprocessing = 0;
			shellPath = /bin/sh;
			shellScript = "\"${SRCROOT}/Pods/Target Support Files/Pods-Dealol/Pods-Dealol-frameworks.sh\"\n";
			showEnvVarsInLog = 0;
		};
/* End PBXShellScriptBuildPhase section */

/* Begin PBXSourcesBuildPhase section */
		2A7804561ED39A3F00448D3B /* Sources */ = {
			isa = PBXSourcesBuildPhase;
			buildActionMask = 2147483647;
			files = (
				348BF772200C729900ABC853 /* BrowseViewController.swift in Sources */,
				2A25F31C1FFB497B008E9169 /* DealActivity.swift in Sources */,
				2A7804621ED39A3F00448D3B /* SecondViewController.swift in Sources */,
				2A78045E1ED39A3F00448D3B /* AppDelegate.swift in Sources */,
				34B81490200F22CD005BEBC1 /* TrackingTableViewCell.swift in Sources */,
				348BF778200C790100ABC853 /* UtilHelper.swift in Sources */,
				2A25F3161FFB073B008E9169 /* SearchResultViewController.swift in Sources */,
				2A7804601ED39A3F00448D3B /* FirstViewController.swift in Sources */,
			);
			runOnlyForDeploymentPostprocessing = 0;
		};
		2A78046C1ED39A3F00448D3B /* Sources */ = {
			isa = PBXSourcesBuildPhase;
			buildActionMask = 2147483647;
			files = (
				34B81491200F22CD005BEBC1 /* TrackingTableViewCell.swift in Sources */,
				348BF779200C790100ABC853 /* UtilHelper.swift in Sources */,
				2A25F3171FFB073B008E9169 /* SearchResultViewController.swift in Sources */,
				2A7804751ED39A3F00448D3B /* DealolTests.swift in Sources */,
				348BF773200C729900ABC853 /* BrowseViewController.swift in Sources */,
				2A25F31D1FFB497B008E9169 /* DealActivity.swift in Sources */,
			);
			runOnlyForDeploymentPostprocessing = 0;
		};
		2A7804771ED39A3F00448D3B /* Sources */ = {
			isa = PBXSourcesBuildPhase;
			buildActionMask = 2147483647;
			files = (
				34B81492200F22CD005BEBC1 /* TrackingTableViewCell.swift in Sources */,
				348BF77A200C790100ABC853 /* UtilHelper.swift in Sources */,
				2A25F3181FFB073B008E9169 /* SearchResultViewController.swift in Sources */,
				2A7804801ED39A3F00448D3B /* DealolUITests.swift in Sources */,
				348BF774200C729900ABC853 /* BrowseViewController.swift in Sources */,
				2A25F31E1FFB497B008E9169 /* DealActivity.swift in Sources */,
			);
			runOnlyForDeploymentPostprocessing = 0;
		};
/* End PBXSourcesBuildPhase section */

/* Begin PBXTargetDependency section */
		2A7804721ED39A3F00448D3B /* PBXTargetDependency */ = {
			isa = PBXTargetDependency;
			target = 2A7804591ED39A3F00448D3B /* Dealol */;
			targetProxy = 2A7804711ED39A3F00448D3B /* PBXContainerItemProxy */;
		};
		2A78047D1ED39A3F00448D3B /* PBXTargetDependency */ = {
			isa = PBXTargetDependency;
			target = 2A7804591ED39A3F00448D3B /* Dealol */;
			targetProxy = 2A78047C1ED39A3F00448D3B /* PBXContainerItemProxy */;
		};
/* End PBXTargetDependency section */

/* Begin PBXVariantGroup section */
		2A7804631ED39A3F00448D3B /* Main.storyboard */ = {
			isa = PBXVariantGroup;
			children = (
				2A7804641ED39A3F00448D3B /* Base */,
			);
			name = Main.storyboard;
			sourceTree = "<group>";
		};
		2A7804681ED39A3F00448D3B /* LaunchScreen.storyboard */ = {
			isa = PBXVariantGroup;
			children = (
				2A7804691ED39A3F00448D3B /* Base */,
			);
			name = LaunchScreen.storyboard;
			sourceTree = "<group>";
		};
/* End PBXVariantGroup section */

/* Begin XCBuildConfiguration section */
		2A7804821ED39A3F00448D3B /* Debug */ = {
			isa = XCBuildConfiguration;
			buildSettings = {
				ALWAYS_SEARCH_USER_PATHS = NO;
				CLANG_ANALYZER_NONNULL = YES;
				CLANG_ANALYZER_NUMBER_OBJECT_CONVERSION = YES_AGGRESSIVE;
				CLANG_CXX_LANGUAGE_STANDARD = "gnu++0x";
				CLANG_CXX_LIBRARY = "libc++";
				CLANG_ENABLE_MODULES = YES;
				CLANG_ENABLE_OBJC_ARC = YES;
				CLANG_WARN_BOOL_CONVERSION = YES;
				CLANG_WARN_CONSTANT_CONVERSION = YES;
				CLANG_WARN_DIRECT_OBJC_ISA_USAGE = YES_ERROR;
				CLANG_WARN_DOCUMENTATION_COMMENTS = YES;
				CLANG_WARN_EMPTY_BODY = YES;
				CLANG_WARN_ENUM_CONVERSION = YES;
				CLANG_WARN_INFINITE_RECURSION = YES;
				CLANG_WARN_INT_CONVERSION = YES;
				CLANG_WARN_OBJC_ROOT_CLASS = YES_ERROR;
				CLANG_WARN_SUSPICIOUS_MOVE = YES;
				CLANG_WARN_UNREACHABLE_CODE = YES;
				CLANG_WARN__DUPLICATE_METHOD_MATCH = YES;
				"CODE_SIGN_IDENTITY[sdk=iphoneos*]" = "iPhone Developer";
				COPY_PHASE_STRIP = NO;
				DEBUG_INFORMATION_FORMAT = dwarf;
				ENABLE_STRICT_OBJC_MSGSEND = YES;
				ENABLE_TESTABILITY = YES;
				GCC_C_LANGUAGE_STANDARD = gnu99;
				GCC_DYNAMIC_NO_PIC = NO;
				GCC_NO_COMMON_BLOCKS = YES;
				GCC_OPTIMIZATION_LEVEL = 0;
				GCC_PREPROCESSOR_DEFINITIONS = (
					"DEBUG=1",
					"$(inherited)",
				);
				GCC_WARN_64_TO_32_BIT_CONVERSION = YES;
				GCC_WARN_ABOUT_RETURN_TYPE = YES_ERROR;
				GCC_WARN_UNDECLARED_SELECTOR = YES;
				GCC_WARN_UNINITIALIZED_AUTOS = YES_AGGRESSIVE;
				GCC_WARN_UNUSED_FUNCTION = YES;
				GCC_WARN_UNUSED_VARIABLE = YES;
				IPHONEOS_DEPLOYMENT_TARGET = 10.3;
				MTL_ENABLE_DEBUG_INFO = YES;
				ONLY_ACTIVE_ARCH = YES;
				SDKROOT = iphoneos;
				SWIFT_ACTIVE_COMPILATION_CONDITIONS = DEBUG;
				SWIFT_OPTIMIZATION_LEVEL = "-Onone";
				TARGETED_DEVICE_FAMILY = "1,2";
			};
			name = Debug;
		};
		2A7804831ED39A3F00448D3B /* Release */ = {
			isa = XCBuildConfiguration;
			buildSettings = {
				ALWAYS_SEARCH_USER_PATHS = NO;
				CLANG_ANALYZER_NONNULL = YES;
				CLANG_ANALYZER_NUMBER_OBJECT_CONVERSION = YES_AGGRESSIVE;
				CLANG_CXX_LANGUAGE_STANDARD = "gnu++0x";
				CLANG_CXX_LIBRARY = "libc++";
				CLANG_ENABLE_MODULES = YES;
				CLANG_ENABLE_OBJC_ARC = YES;
				CLANG_WARN_BOOL_CONVERSION = YES;
				CLANG_WARN_CONSTANT_CONVERSION = YES;
				CLANG_WARN_DIRECT_OBJC_ISA_USAGE = YES_ERROR;
				CLANG_WARN_DOCUMENTATION_COMMENTS = YES;
				CLANG_WARN_EMPTY_BODY = YES;
				CLANG_WARN_ENUM_CONVERSION = YES;
				CLANG_WARN_INFINITE_RECURSION = YES;
				CLANG_WARN_INT_CONVERSION = YES;
				CLANG_WARN_OBJC_ROOT_CLASS = YES_ERROR;
				CLANG_WARN_SUSPICIOUS_MOVE = YES;
				CLANG_WARN_UNREACHABLE_CODE = YES;
				CLANG_WARN__DUPLICATE_METHOD_MATCH = YES;
				"CODE_SIGN_IDENTITY[sdk=iphoneos*]" = "iPhone Developer";
				COPY_PHASE_STRIP = NO;
				DEBUG_INFORMATION_FORMAT = "dwarf-with-dsym";
				ENABLE_NS_ASSERTIONS = NO;
				ENABLE_STRICT_OBJC_MSGSEND = YES;
				GCC_C_LANGUAGE_STANDARD = gnu99;
				GCC_NO_COMMON_BLOCKS = YES;
				GCC_WARN_64_TO_32_BIT_CONVERSION = YES;
				GCC_WARN_ABOUT_RETURN_TYPE = YES_ERROR;
				GCC_WARN_UNDECLARED_SELECTOR = YES;
				GCC_WARN_UNINITIALIZED_AUTOS = YES_AGGRESSIVE;
				GCC_WARN_UNUSED_FUNCTION = YES;
				GCC_WARN_UNUSED_VARIABLE = YES;
				IPHONEOS_DEPLOYMENT_TARGET = 10.3;
				MTL_ENABLE_DEBUG_INFO = NO;
				SDKROOT = iphoneos;
				SWIFT_OPTIMIZATION_LEVEL = "-Owholemodule";
				TARGETED_DEVICE_FAMILY = "1,2";
				VALIDATE_PRODUCT = YES;
			};
			name = Release;
		};
		2A7804851ED39A3F00448D3B /* Debug */ = {
			isa = XCBuildConfiguration;
			baseConfigurationReference = 17B933B1CBC0BE1334E3AF71 /* Pods-Dealol.debug.xcconfig */;
			buildSettings = {
				ASSETCATALOG_COMPILER_APPICON_NAME = AppIcon;
				DEVELOPMENT_TEAM = 92RA6H7738;
				INFOPLIST_FILE = Dealol/Info.plist;
				LD_RUNPATH_SEARCH_PATHS = "$(inherited) @executable_path/Frameworks";
				PRODUCT_BUNDLE_IDENTIFIER = com.dealol.dealol;
				PRODUCT_NAME = "$(TARGET_NAME)";
				SWIFT_VERSION = 3.0;
			};
			name = Debug;
		};
		2A7804861ED39A3F00448D3B /* Release */ = {
			isa = XCBuildConfiguration;
			baseConfigurationReference = 944EA11148375BBD52D6AB77 /* Pods-Dealol.release.xcconfig */;
			buildSettings = {
				ASSETCATALOG_COMPILER_APPICON_NAME = AppIcon;
				DEVELOPMENT_TEAM = 92RA6H7738;
				INFOPLIST_FILE = Dealol/Info.plist;
				LD_RUNPATH_SEARCH_PATHS = "$(inherited) @executable_path/Frameworks";
				PRODUCT_BUNDLE_IDENTIFIER = com.dealol.dealol;
				PRODUCT_NAME = "$(TARGET_NAME)";
				SWIFT_VERSION = 3.0;
			};
			name = Release;
		};
		2A7804881ED39A3F00448D3B /* Debug */ = {
			isa = XCBuildConfiguration;
			baseConfigurationReference = 3146BD111C50789C6CD2CC8E /* Pods-DealolTests.debug.xcconfig */;
			buildSettings = {
				ALWAYS_EMBED_SWIFT_STANDARD_LIBRARIES = YES;
				BUNDLE_LOADER = "$(TEST_HOST)";
				INFOPLIST_FILE = DealolTests/Info.plist;
				LD_RUNPATH_SEARCH_PATHS = "$(inherited) @executable_path/Frameworks @loader_path/Frameworks";
				PRODUCT_BUNDLE_IDENTIFIER = Dealol.DealolTests;
				PRODUCT_NAME = "$(TARGET_NAME)";
				SWIFT_VERSION = 3.0;
				TEST_HOST = "$(BUILT_PRODUCTS_DIR)/Dealol.app/Dealol";
			};
			name = Debug;
		};
		2A7804891ED39A3F00448D3B /* Release */ = {
			isa = XCBuildConfiguration;
			baseConfigurationReference = C6AC4504588F6B1422C42212 /* Pods-DealolTests.release.xcconfig */;
			buildSettings = {
				ALWAYS_EMBED_SWIFT_STANDARD_LIBRARIES = YES;
				BUNDLE_LOADER = "$(TEST_HOST)";
				INFOPLIST_FILE = DealolTests/Info.plist;
				LD_RUNPATH_SEARCH_PATHS = "$(inherited) @executable_path/Frameworks @loader_path/Frameworks";
				PRODUCT_BUNDLE_IDENTIFIER = Dealol.DealolTests;
				PRODUCT_NAME = "$(TARGET_NAME)";
				SWIFT_VERSION = 3.0;
				TEST_HOST = "$(BUILT_PRODUCTS_DIR)/Dealol.app/Dealol";
			};
			name = Release;
		};
		2A78048B1ED39A3F00448D3B /* Debug */ = {
			isa = XCBuildConfiguration;
			baseConfigurationReference = 809171AE7FCF8E46170F86A2 /* Pods-DealolUITests.debug.xcconfig */;
			buildSettings = {
				ALWAYS_EMBED_SWIFT_STANDARD_LIBRARIES = YES;
				INFOPLIST_FILE = DealolUITests/Info.plist;
				LD_RUNPATH_SEARCH_PATHS = "$(inherited) @executable_path/Frameworks @loader_path/Frameworks";
				PRODUCT_BUNDLE_IDENTIFIER = Dealol.DealolUITests;
				PRODUCT_NAME = "$(TARGET_NAME)";
				SWIFT_VERSION = 3.0;
				TEST_TARGET_NAME = Dealol;
			};
			name = Debug;
		};
		2A78048C1ED39A3F00448D3B /* Release */ = {
			isa = XCBuildConfiguration;
			baseConfigurationReference = F639F9F95B82A61BE58AC21C /* Pods-DealolUITests.release.xcconfig */;
			buildSettings = {
				ALWAYS_EMBED_SWIFT_STANDARD_LIBRARIES = YES;
				INFOPLIST_FILE = DealolUITests/Info.plist;
				LD_RUNPATH_SEARCH_PATHS = "$(inherited) @executable_path/Frameworks @loader_path/Frameworks";
				PRODUCT_BUNDLE_IDENTIFIER = Dealol.DealolUITests;
				PRODUCT_NAME = "$(TARGET_NAME)";
				SWIFT_VERSION = 3.0;
				TEST_TARGET_NAME = Dealol;
			};
			name = Release;
		};
/* End XCBuildConfiguration section */

/* Begin XCConfigurationList section */
		2A7804551ED39A3F00448D3B /* Build configuration list for PBXProject "Dealol" */ = {
			isa = XCConfigurationList;
			buildConfigurations = (
				2A7804821ED39A3F00448D3B /* Debug */,
				2A7804831ED39A3F00448D3B /* Release */,
			);
			defaultConfigurationIsVisible = 0;
			defaultConfigurationName = Release;
		};
		2A7804841ED39A3F00448D3B /* Build configuration list for PBXNativeTarget "Dealol" */ = {
			isa = XCConfigurationList;
			buildConfigurations = (
				2A7804851ED39A3F00448D3B /* Debug */,
				2A7804861ED39A3F00448D3B /* Release */,
			);
			defaultConfigurationIsVisible = 0;
			defaultConfigurationName = Release;
		};
		2A7804871ED39A3F00448D3B /* Build configuration list for PBXNativeTarget "DealolTests" */ = {
			isa = XCConfigurationList;
			buildConfigurations = (
				2A7804881ED39A3F00448D3B /* Debug */,
				2A7804891ED39A3F00448D3B /* Release */,
			);
			defaultConfigurationIsVisible = 0;
			defaultConfigurationName = Release;
		};
		2A78048A1ED39A3F00448D3B /* Build configuration list for PBXNativeTarget "DealolUITests" */ = {
			isa = XCConfigurationList;
			buildConfigurations = (
				2A78048B1ED39A3F00448D3B /* Debug */,
				2A78048C1ED39A3F00448D3B /* Release */,
			);
			defaultConfigurationIsVisible = 0;
			defaultConfigurationName = Release;
		};
/* End XCConfigurationList section */
	};
	rootObject = 2A7804521ED39A3F00448D3B /* Project object */;
}
